
Microsoft Visual Studio Solution File, Format Version 12.00
# Visual Studio Version 16
VisualStudioVersion = 16.0.29306.81
MinimumVisualStudioVersion = 10.0.40219.1
Project("{FAE04EC0-301F-11D3-BF4B-00C04F79EFBC}") = "WebApplication1", "WebApplication1\WebApplication1.csproj", "{A006BE3C-493F-4FDE-9649-D35B724F1465}"
EndProject
Global
	GlobalSection(SolutionConfigurationPlatforms) = preSolution
		Debug|Any CPU = Debug|Any CPU
		Release|Any CPU = Release|Any CPU
	EndGlobalSection
	GlobalSection(ProjectConfigurationPlatforms) = postSolution
		{A006BE3C-493F-4FDE-9649-D35B724F1465}.Debug|Any CPU.ActiveCfg = Debug|Any CPU
		{A006BE3C-493F-4FDE-9649-D35B724F1465}.Debug|Any CPU.Build.0 = Debug|Any CPU
		{A006BE3C-493F-4FDE-9649-D35B724F1465}.Release|Any CPU.ActiveCfg = Release|Any CPU
		{A006BE3C-493F-4FDE-9649-D35B724F1465}.Release|Any CPU.Build.0 = Release|Any CPU
	EndGlobalSection
	GlobalSection(SolutionProperties) = preSolution
		HideSolutionNode = FALSE
	EndGlobalSection
	GlobalSection(ExtensibilityGlobals) = postSolution
		SolutionGuid = {0428C585-F255-435E-AB0C-70988E72E8C3}
	EndGlobalSection
EndGlobal
